// !$*UTF8*$!
{
	archiveVersion = 1;
	classes = {
	};
	objectVersion = 46;
	objects = {

/* Begin PBXBuildFile section */
		0D0B341B1D2199500023B1BD /* AppDelegate.swift in Sources */ = {isa = PBXBuildFile; fileRef = 0D0B341A1D2199500023B1BD /* AppDelegate.swift */; };
		0D0B341D1D2199500023B1BD /* OAuthViewController.swift in Sources */ = {isa = PBXBuildFile; fileRef = 0D0B341C1D2199500023B1BD /* OAuthViewController.swift */; };
		0D0B34201D2199500023B1BD /* Main.storyboard in Resources */ = {isa = PBXBuildFile; fileRef = 0D0B341E1D2199500023B1BD /* Main.storyboard */; };
		0D0B34221D2199500023B1BD /* Assets.xcassets in Resources */ = {isa = PBXBuildFile; fileRef = 0D0B34211D2199500023B1BD /* Assets.xcassets */; };
		0D0B34251D2199500023B1BD /* LaunchScreen.storyboard in Resources */ = {isa = PBXBuildFile; fileRef = 0D0B34231D2199500023B1BD /* LaunchScreen.storyboard */; };
		0D0B342D1D219A610023B1BD /* GitHubOAuth.swift in Sources */ = {isa = PBXBuildFile; fileRef = 0D0B342C1D219A610023B1BD /* GitHubOAuth.swift */; };
		0D0B342F1D219D530023B1BD /* Credentials.swift in Sources */ = {isa = PBXBuildFile; fileRef = 0D0B342E1D219D530023B1BD /* Credentials.swift */; };
		0D37413D1D22F70A0092813E /* Setup.swift in Sources */ = {isa = PBXBuildFile; fileRef = 0D37413C1D22F70A0092813E /* Setup.swift */; };
		0D37413F1D22FA5C0092813E /* HomeViewController.swift in Sources */ = {isa = PBXBuildFile; fileRef = 0D37413E1D22FA5C0092813E /* HomeViewController.swift */; };
		0D3741411D23035D0092813E /* API.swift in Sources */ = {isa = PBXBuildFile; fileRef = 0D3741401D23035D0092813E /* API.swift */; };
		0D3741431D2307820092813E /* Repository.swift in Sources */ = {isa = PBXBuildFile; fileRef = 0D3741421D2307820092813E /* Repository.swift */; };
		0D3741451D23078D0092813E /* Owner.swift in Sources */ = {isa = PBXBuildFile; fileRef = 0D3741441D23078D0092813E /* Owner.swift */; };
		0D3741471D2308470092813E /* Additions.swift in Sources */ = {isa = PBXBuildFile; fileRef = 0D3741461D2308470092813E /* Additions.swift */; };
/* End PBXBuildFile section */

/* Begin PBXFileReference section */
		0D0B34171D2199500023B1BD /* GoGoGitHub.app */ = {isa = PBXFileReference; explicitFileType = wrapper.application; includeInIndex = 0; path = GoGoGitHub.app; sourceTree = BUILT_PRODUCTS_DIR; };
		0D0B341A1D2199500023B1BD /* AppDelegate.swift */ = {isa = PBXFileReference; lastKnownFileType = sourcecode.swift; path = AppDelegate.swift; sourceTree = "<group>"; };
		0D0B341C1D2199500023B1BD /* OAuthViewController.swift */ = {isa = PBXFileReference; lastKnownFileType = sourcecode.swift; path = OAuthViewController.swift; sourceTree = "<group>"; };
		0D0B341F1D2199500023B1BD /* Base */ = {isa = PBXFileReference; lastKnownFileType = file.storyboard; name = Base; path = Base.lproj/Main.storyboard; sourceTree = "<group>"; };
		0D0B34211D2199500023B1BD /* Assets.xcassets */ = {isa = PBXFileReference; lastKnownFileType = folder.assetcatalog; path = Assets.xcassets; sourceTree = "<group>"; };
		0D0B34241D2199500023B1BD /* Base */ = {isa = PBXFileReference; lastKnownFileType = file.storyboard; name = Base; path = Base.lproj/LaunchScreen.storyboard; sourceTree = "<group>"; };
		0D0B34261D2199500023B1BD /* Info.plist */ = {isa = PBXFileReference; lastKnownFileType = text.plist.xml; path = Info.plist; sourceTree = "<group>"; };
		0D0B342C1D219A610023B1BD /* GitHubOAuth.swift */ = {isa = PBXFileReference; fileEncoding = 4; lastKnownFileType = sourcecode.swift; path = GitHubOAuth.swift; sourceTree = "<group>"; };
		0D0B342E1D219D530023B1BD /* Credentials.swift */ = {isa = PBXFileReference; fileEncoding = 4; lastKnownFileType = sourcecode.swift; path = Credentials.swift; sourceTree = "<group>"; };
		0D37413C1D22F70A0092813E /* Setup.swift */ = {isa = PBXFileReference; fileEncoding = 4; lastKnownFileType = sourcecode.swift; path = Setup.swift; sourceTree = "<group>"; };
		0D37413E1D22FA5C0092813E /* HomeViewController.swift */ = {isa = PBXFileReference; fileEncoding = 4; lastKnownFileType = sourcecode.swift; path = HomeViewController.swift; sourceTree = "<group>"; };
		0D3741401D23035D0092813E /* API.swift */ = {isa = PBXFileReference; fileEncoding = 4; lastKnownFileType = sourcecode.swift; path = API.swift; sourceTree = "<group>"; };
		0D3741421D2307820092813E /* Repository.swift */ = {isa = PBXFileReference; fileEncoding = 4; lastKnownFileType = sourcecode.swift; path = Repository.swift; sourceTree = "<group>"; };
		0D3741441D23078D0092813E /* Owner.swift */ = {isa = PBXFileReference; fileEncoding = 4; lastKnownFileType = sourcecode.swift; path = Owner.swift; sourceTree = "<group>"; };
		0D3741461D2308470092813E /* Additions.swift */ = {isa = PBXFileReference; fileEncoding = 4; lastKnownFileType = sourcecode.swift; path = Additions.swift; sourceTree = "<group>"; };
/* End PBXFileReference section */

/* Begin PBXFrameworksBuildPhase section */
		0D0B34141D2199500023B1BD /* Frameworks */ = {
			isa = PBXFrameworksBuildPhase;
			buildActionMask = 2147483647;
			files = (
			);
			runOnlyForDeploymentPostprocessing = 0;
		};
/* End PBXFrameworksBuildPhase section */

/* Begin PBXGroup section */
		0D0B340E1D2199500023B1BD = {
			isa = PBXGroup;
			children = (
				0D0B34191D2199500023B1BD /* GoGoGitHub */,
				0D0B34181D2199500023B1BD /* Products */,
			);
			sourceTree = "<group>";
		};
		0D0B34181D2199500023B1BD /* Products */ = {
			isa = PBXGroup;
			children = (
				0D0B34171D2199500023B1BD /* GoGoGitHub.app */,
			);
			name = Products;
			sourceTree = "<group>";
		};
		0D0B34191D2199500023B1BD /* GoGoGitHub */ = {
			isa = PBXGroup;
			children = (
				0D3741361D22E9520092813E /* API */,
				0D37413B1D22E9AB0092813E /* Global */,
				0D37413A1D22E9960092813E /* Controllers */,
				0D3741391D22E9870092813E /* Model */,
				0D3741381D22E97D0092813E /* View */,
				0D3741371D22E9730092813E /* Delegate */,
				0D0B342E1D219D530023B1BD /* Credentials.swift */,
			);
			path = GoGoGitHub;
			sourceTree = "<group>";
		};
		0D3741361D22E9520092813E /* API */ = {
			isa = PBXGroup;
			children = (
				0D0B342C1D219A610023B1BD /* GitHubOAuth.swift */,
				0D3741401D23035D0092813E /* API.swift */,
				0D3741461D2308470092813E /* Additions.swift */,
			);
			name = API;
			sourceTree = "<group>";
		};
		0D3741371D22E9730092813E /* Delegate */ = {
			isa = PBXGroup;
			children = (
			);
			name = Delegate;
			sourceTree = "<group>";
		};
		0D3741381D22E97D0092813E /* View */ = {
			isa = PBXGroup;
			children = (
				0D0B341E1D2199500023B1BD /* Main.storyboard */,
				0D0B34211D2199500023B1BD /* Assets.xcassets */,
				0D0B34231D2199500023B1BD /* LaunchScreen.storyboard */,
			);
			name = View;
			sourceTree = "<group>";
		};
		0D3741391D22E9870092813E /* Model */ = {
			isa = PBXGroup;
			children = (
				0D37413C1D22F70A0092813E /* Setup.swift */,
				0D3741421D2307820092813E /* Repository.swift */,
				0D3741441D23078D0092813E /* Owner.swift */,
			);
			name = Model;
			sourceTree = "<group>";
		};
		0D37413A1D22E9960092813E /* Controllers */ = {
			isa = PBXGroup;
			children = (
				0D0B341C1D2199500023B1BD /* OAuthViewController.swift */,
				0D37413E1D22FA5C0092813E /* HomeViewController.swift */,
			);
			name = Controllers;
			sourceTree = "<group>";
		};
		0D37413B1D22E9AB0092813E /* Global */ = {
			isa = PBXGroup;
			children = (
				0D0B341A1D2199500023B1BD /* AppDelegate.swift */,
				0D0B34261D2199500023B1BD /* Info.plist */,
			);
			name = Global;
			sourceTree = "<group>";
		};
/* End PBXGroup section */

/* Begin PBXNativeTarget section */
		0D0B34161D2199500023B1BD /* GoGoGitHub */ = {
			isa = PBXNativeTarget;
			buildConfigurationList = 0D0B34291D2199500023B1BD /* Build configuration list for PBXNativeTarget "GoGoGitHub" */;
			buildPhases = (
				0D0B34131D2199500023B1BD /* Sources */,
				0D0B34141D2199500023B1BD /* Frameworks */,
				0D0B34151D2199500023B1BD /* Resources */,
			);
			buildRules = (
			);
			dependencies = (
			);
			name = GoGoGitHub;
			productName = GoGoGitHub;
			productReference = 0D0B34171D2199500023B1BD /* GoGoGitHub.app */;
			productType = "com.apple.product-type.application";
		};
/* End PBXNativeTarget section */

/* Begin PBXProject section */
		0D0B340F1D2199500023B1BD /* Project object */ = {
			isa = PBXProject;
			attributes = {
				LastSwiftUpdateCheck = 0730;
				LastUpgradeCheck = 0730;
				ORGANIZATIONNAME = "Erin Roby";
				TargetAttributes = {
					0D0B34161D2199500023B1BD = {
						CreatedOnToolsVersion = 7.3.1;
					};
				};
			};
			buildConfigurationList = 0D0B34121D2199500023B1BD /* Build configuration list for PBXProject "GoGoGitHub" */;
			compatibilityVersion = "Xcode 3.2";
			developmentRegion = English;
			hasScannedForEncodings = 0;
			knownRegions = (
				en,
				Base,
			);
			mainGroup = 0D0B340E1D2199500023B1BD;
			productRefGroup = 0D0B34181D2199500023B1BD /* Products */;
			projectDirPath = "";
			projectRoot = "";
			targets = (
				0D0B34161D2199500023B1BD /* GoGoGitHub */,
			);
		};
/* End PBXProject section */

/* Begin PBXResourcesBuildPhase section */
		0D0B34151D2199500023B1BD /* Resources */ = {
			isa = PBXResourcesBuildPhase;
			buildActionMask = 2147483647;
			files = (
				0D0B34251D2199500023B1BD /* LaunchScreen.storyboard in Resources */,
				0D0B34221D2199500023B1BD /* Assets.xcassets in Resources */,
				0D0B34201D2199500023B1BD /* Main.storyboard in Resources */,
			);
			runOnlyForDeploymentPostprocessing = 0;
		};
/* End PBXResourcesBuildPhase section */

/* Begin PBXSourcesBuildPhase section */
		0D0B34131D2199500023B1BD /* Sources */ = {
			isa = PBXSourcesBuildPhase;
			buildActionMask = 2147483647;
			files = (
				0D0B342D1D219A610023B1BD /* GitHubOAuth.swift in Sources */,
				0D3741471D2308470092813E /* Additions.swift in Sources */,
				0D0B341D1D2199500023B1BD /* OAuthViewController.swift in Sources */,
				0D0B342F1D219D530023B1BD /* Credentials.swift in Sources */,
				0D3741431D2307820092813E /* Repository.swift in Sources */,
				0D3741451D23078D0092813E /* Owner.swift in Sources */,
				0D37413D1D22F70A0092813E /* Setup.swift in Sources */,
				0D0B341B1D2199500023B1BD /* AppDelegate.swift in Sources */,
				0D37413F1D22FA5C0092813E /* HomeViewController.swift in Sources */,
				0D3741411D23035D0092813E /* API.swift in Sources */,
			);
			runOnlyForDeploymentPostprocessing = 0;
		};
/* End PBXSourcesBuildPhase section */

/* Begin PBXVariantGroup section */
		0D0B341E1D2199500023B1BD /* Main.storyboard */ = {
			isa = PBXVariantGroup;
			children = (
				0D0B341F1D2199500023B1BD /* Base */,
			);
			name = Main.storyboard;
			sourceTree = "<group>";
		};
		0D0B34231D2199500023B1BD /* LaunchScreen.storyboard */ = {
			isa = PBXVariantGroup;
			children = (
				0D0B34241D2199500023B1BD /* Base */,
			);
			name = LaunchScreen.storyboard;
			sourceTree = "<group>";
		};
/* End PBXVariantGroup section */

/* Begin XCBuildConfiguration section */
		0D0B34271D2199500023B1BD /* Debug */ = {
			isa = XCBuildConfiguration;
			buildSettings = {
				ALWAYS_SEARCH_USER_PATHS = NO;
				CLANG_ANALYZER_NONNULL = YES;
				CLANG_CXX_LANGUAGE_STANDARD = "gnu++0x";
				CLANG_CXX_LIBRARY = "libc++";
				CLANG_ENABLE_MODULES = YES;
				CLANG_ENABLE_OBJC_ARC = YES;
				CLANG_WARN_BOOL_CONVERSION = YES;
				CLANG_WARN_CONSTANT_CONVERSION = YES;
				CLANG_WARN_DIRECT_OBJC_ISA_USAGE = YES_ERROR;
				CLANG_WARN_EMPTY_BODY = YES;
				CLANG_WARN_ENUM_CONVERSION = YES;
				CLANG_WARN_INT_CONVERSION = YES;
				CLANG_WARN_OBJC_ROOT_CLASS = YES_ERROR;
				CLANG_WARN_UNREACHABLE_CODE = YES;
				CLANG_WARN__DUPLICATE_METHOD_MATCH = YES;
				"CODE_SIGN_IDENTITY[sdk=iphoneos*]" = "iPhone Developer";
				COPY_PHASE_STRIP = NO;
				DEBUG_INFORMATION_FORMAT = dwarf;
				ENABLE_STRICT_OBJC_MSGSEND = YES;
				ENABLE_TESTABILITY = YES;
				GCC_C_LANGUAGE_STANDARD = gnu99;
				GCC_DYNAMIC_NO_PIC = NO;
				GCC_NO_COMMON_BLOCKS = YES;
				GCC_OPTIMIZATION_LEVEL = 0;
				GCC_PREPROCESSOR_DEFINITIONS = (
					"DEBUG=1",
					"$(inherited)",
				);
				GCC_WARN_64_TO_32_BIT_CONVERSION = YES;
				GCC_WARN_ABOUT_RETURN_TYPE = YES_ERROR;
				GCC_WARN_UNDECLARED_SELECTOR = YES;
				GCC_WARN_UNINITIALIZED_AUTOS = YES_AGGRESSIVE;
				GCC_WARN_UNUSED_FUNCTION = YES;
				GCC_WARN_UNUSED_VARIABLE = YES;
				IPHONEOS_DEPLOYMENT_TARGET = 9.3;
				MTL_ENABLE_DEBUG_INFO = YES;
				ONLY_ACTIVE_ARCH = YES;
				SDKROOT = iphoneos;
				SWIFT_OPTIMIZATION_LEVEL = "-Onone";
			};
			name = Debug;
		};
		0D0B34281D2199500023B1BD /* Release */ = {
			isa = XCBuildConfiguration;
			buildSettings = {
				ALWAYS_SEARCH_USER_PATHS = NO;
				CLANG_ANALYZER_NONNULL = YES;
				CLANG_CXX_LANGUAGE_STANDARD = "gnu++0x";
				CLANG_CXX_LIBRARY = "libc++";
				CLANG_ENABLE_MODULES = YES;
				CLANG_ENABLE_OBJC_ARC = YES;
				CLANG_WARN_BOOL_CONVERSION = YES;
				CLANG_WARN_CONSTANT_CONVERSION = YES;
				CLANG_WARN_DIRECT_OBJC_ISA_USAGE = YES_ERROR;
				CLANG_WARN_EMPTY_BODY = YES;
				CLANG_WARN_ENUM_CONVERSION = YES;
				CLANG_WARN_INT_CONVERSION = YES;
				CLANG_WARN_OBJC_ROOT_CLASS = YES_ERROR;
				CLANG_WARN_UNREACHABLE_CODE = YES;
				CLANG_WARN__DUPLICATE_METHOD_MATCH = YES;
				"CODE_SIGN_IDENTITY[sdk=iphoneos*]" = "iPhone Developer";
				COPY_PHASE_STRIP = NO;
				DEBUG_INFORMATION_FORMAT = "dwarf-with-dsym";
				ENABLE_NS_ASSERTIONS = NO;
				ENABLE_STRICT_OBJC_MSGSEND = YES;
				GCC_C_LANGUAGE_STANDARD = gnu99;
				GCC_NO_COMMON_BLOCKS = YES;
				GCC_WARN_64_TO_32_BIT_CONVERSION = YES;
				GCC_WARN_ABOUT_RETURN_TYPE = YES_ERROR;
				GCC_WARN_UNDECLARED_SELECTOR = YES;
				GCC_WARN_UNINITIALIZED_AUTOS = YES_AGGRESSIVE;
				GCC_WARN_UNUSED_FUNCTION = YES;
				GCC_WARN_UNUSED_VARIABLE = YES;
				IPHONEOS_DEPLOYMENT_TARGET = 9.3;
				MTL_ENABLE_DEBUG_INFO = NO;
				SDKROOT = iphoneos;
				VALIDATE_PRODUCT = YES;
			};
			name = Release;
		};
		0D0B342A1D2199500023B1BD /* Debug */ = {
			isa = XCBuildConfiguration;
			buildSettings = {
				ASSETCATALOG_COMPILER_APPICON_NAME = AppIcon;
				INFOPLIST_FILE = GoGoGitHub/Info.plist;
				LD_RUNPATH_SEARCH_PATHS = "$(inherited) @executable_path/Frameworks";
				PRODUCT_BUNDLE_IDENTIFIER = "Erin-Roby.GoGoGitHub";
				PRODUCT_NAME = "$(TARGET_NAME)";
			};
			name = Debug;
		};
		0D0B342B1D2199500023B1BD /* Release */ = {
			isa = XCBuildConfiguration;
			buildSettings = {
				ASSETCATALOG_COMPILER_APPICON_NAME = AppIcon;
				INFOPLIST_FILE = GoGoGitHub/Info.plist;
				LD_RUNPATH_SEARCH_PATHS = "$(inherited) @executable_path/Frameworks";
				PRODUCT_BUNDLE_IDENTIFIER = "Erin-Roby.GoGoGitHub";
				PRODUCT_NAME = "$(TARGET_NAME)";
			};
			name = Release;
		};
/* End XCBuildConfiguration section */

/* Begin XCConfigurationList section */
		0D0B34121D2199500023B1BD /* Build configuration list for PBXProject "GoGoGitHub" */ = {
			isa = XCConfigurationList;
			buildConfigurations = (
				0D0B34271D2199500023B1BD /* Debug */,
				0D0B34281D2199500023B1BD /* Release */,
			);
			defaultConfigurationIsVisible = 0;
			defaultConfigurationName = Release;
		};
		0D0B34291D2199500023B1BD /* Build configuration list for PBXNativeTarget "GoGoGitHub" */ = {
			isa = XCConfigurationList;
			buildConfigurations = (
				0D0B342A1D2199500023B1BD /* Debug */,
				0D0B342B1D2199500023B1BD /* Release */,
			);
			defaultConfigurationIsVisible = 0;
			defaultConfigurationName = Release;
		};
/* End XCConfigurationList section */
	};
	rootObject = 0D0B340F1D2199500023B1BD /* Project object */;
}
